dependencies:
- name: pinniped-supervisor
  repository: https://merlindorin.github.io/charts
  version: 0.1.1
- name: pinniped-concierge
  repository: https://merlindorin.github.io/charts
  version: 0.1.1
digest: sha256:2174c9db9952cf8b51ff4b84f6938d3504314b94433698b2cc776d2062578fe8
generated: "2021-11-19T15:01:50.647081+01:00"
